# This file is generated by running "yarn install" inside your project.
# Manual changes might be lost - proceed with caution!

__metadata:
  version: 4

"@pinetwork-js/sdk@workspace:.":
  version: 0.0.0-use.local
  resolution: "@pinetwork-js/sdk@workspace:."
  languageName: unknown
  linkType: soft
